
Microsoft Visual Studio Solution File, Format Version 12.00
# Visual Studio 14
VisualStudioVersion = 14.0.25123.0
MinimumVisualStudioVersion = 10.0.40219.1
Project("{FAE04EC0-301F-11D3-BF4B-00C04F79EFBC}") = "MikrotikDotNet", "MikrotikDotNet\MikrotikDotNet.csproj", "{3A72378B-C149-4CF0-808F-60FA4C1C6992}"
EndProject
Project("{FAE04EC0-301F-11D3-BF4B-00C04F79EFBC}") = "MikrotikDotNet.UnitTests", "MikrotikDotNet.UnitTests\MikrotikDotNet.UnitTests.csproj", "{90DC73D4-8095-4F81-84C8-A609FCDEFEBC}"
EndProject
Global
	GlobalSection(SolutionConfigurationPlatforms) = preSolution
		Debug|Any CPU = Debug|Any CPU
		Release|Any CPU = Release|Any CPU
	EndGlobalSection
	GlobalSection(ProjectConfigurationPlatforms) = postSolution
		{3A72378B-C149-4CF0-808F-60FA4C1C6992}.Debug|Any CPU.ActiveCfg = Debug|Any CPU
		{3A72378B-C149-4CF0-808F-60FA4C1C6992}.Debug|Any CPU.Build.0 = Debug|Any CPU
		{3A72378B-C149-4CF0-808F-60FA4C1C6992}.Release|Any CPU.ActiveCfg = Release|Any CPU
		{3A72378B-C149-4CF0-808F-60FA4C1C6992}.Release|Any CPU.Build.0 = Release|Any CPU
		{90DC73D4-8095-4F81-84C8-A609FCDEFEBC}.Debug|Any CPU.ActiveCfg = Debug|Any CPU
		{90DC73D4-8095-4F81-84C8-A609FCDEFEBC}.Debug|Any CPU.Build.0 = Debug|Any CPU
		{90DC73D4-8095-4F81-84C8-A609FCDEFEBC}.Release|Any CPU.ActiveCfg = Release|Any CPU
		{90DC73D4-8095-4F81-84C8-A609FCDEFEBC}.Release|Any CPU.Build.0 = Release|Any CPU
	EndGlobalSection
	GlobalSection(SolutionProperties) = preSolution
		HideSolutionNode = FALSE
	EndGlobalSection
	GlobalSection(TeamFoundationVersionControl) = preSolution
		SccNumberOfProjects = 3
		SccEnterpriseProvider = {4CA58AB2-18FA-4F8D-95D4-32DDF27D184C}
		SccTeamFoundationServer = https://tfs.techno2000.net/tfs/techno2000
		SccLocalPath0 = .
		SccProjectUniqueName1 = MikrotikDotNet\\MikrotikDotNet.csproj
		SccProjectName1 = MikrotikDotNet
		SccLocalPath1 = MikrotikDotNet
		SccProjectUniqueName2 = MikrotikDotNet.UnitTests\\MikrotikDotNet.UnitTests.csproj
		SccProjectName2 = MikrotikDotNet.UnitTests
		SccLocalPath2 = MikrotikDotNet.UnitTests
	EndGlobalSection
	GlobalSection(CodealikeProperties) = postSolution
		SolutionGuid = 16b0ed00-5ac8-44de-b2f2-86b4a53f0be2
	EndGlobalSection
EndGlobal
